
Microsoft Visual Studio Solution File, Format Version 12.00
# Visual Studio Version 16
VisualStudioVersion = 16.0.31613.86
MinimumVisualStudioVersion = 10.0.40219.1
Project("{F184B08F-C81C-45F6-A57F-5ABD9991F28F}") = "2DCalendarSearch", "2DCalendarSearch\2DCalendarSearch.vbproj", "{8E31AAA0-B52F-422C-B16F-CFCF4A3CF0F0}"
EndProject
Global
	GlobalSection(SolutionConfigurationPlatforms) = preSolution
		Debug|Any CPU = Debug|Any CPU
		Release|Any CPU = Release|Any CPU
	EndGlobalSection
	GlobalSection(ProjectConfigurationPlatforms) = postSolution
		{8E31AAA0-B52F-422C-B16F-CFCF4A3CF0F0}.Debug|Any CPU.ActiveCfg = Debug|Any CPU
		{8E31AAA0-B52F-422C-B16F-CFCF4A3CF0F0}.Debug|Any CPU.Build.0 = Debug|Any CPU
		{8E31AAA0-B52F-422C-B16F-CFCF4A3CF0F0}.Release|Any CPU.ActiveCfg = Release|Any CPU
		{8E31AAA0-B52F-422C-B16F-CFCF4A3CF0F0}.Release|Any CPU.Build.0 = Release|Any CPU
	EndGlobalSection
	GlobalSection(SolutionProperties) = preSolution
		HideSolutionNode = FALSE
	EndGlobalSection
	GlobalSection(ExtensibilityGlobals) = postSolution
		SolutionGuid = {7CEAC23D-9D28-44F3-BAA3-D228BA402D2C}
	EndGlobalSection
EndGlobal
