
Microsoft Visual Studio Solution File, Format Version 12.00
# Visual Studio Version 16
VisualStudioVersion = 16.0.31613.86
MinimumVisualStudioVersion = 10.0.40219.1
Project("{F184B08F-C81C-45F6-A57F-5ABD9991F28F}") = "McCoys Moonshine And Molasses", "McCoys Moonshine And Molasses\McCoys Moonshine And Molasses.vbproj", "{2E4F2874-C2C9-4EFE-8E00-FC77BB879186}"
EndProject
Global
	GlobalSection(SolutionConfigurationPlatforms) = preSolution
		Debug|Any CPU = Debug|Any CPU
		Release|Any CPU = Release|Any CPU
	EndGlobalSection
	GlobalSection(ProjectConfigurationPlatforms) = postSolution
		{2E4F2874-C2C9-4EFE-8E00-FC77BB879186}.Debug|Any CPU.ActiveCfg = Debug|Any CPU
		{2E4F2874-C2C9-4EFE-8E00-FC77BB879186}.Debug|Any CPU.Build.0 = Debug|Any CPU
		{2E4F2874-C2C9-4EFE-8E00-FC77BB879186}.Release|Any CPU.ActiveCfg = Release|Any CPU
		{2E4F2874-C2C9-4EFE-8E00-FC77BB879186}.Release|Any CPU.Build.0 = Release|Any CPU
	EndGlobalSection
	GlobalSection(SolutionProperties) = preSolution
		HideSolutionNode = FALSE
	EndGlobalSection
	GlobalSection(ExtensibilityGlobals) = postSolution
		SolutionGuid = {5AF8D2BB-971C-4CF2-A6E1-79B91186A726}
	EndGlobalSection
EndGlobal
