
Microsoft Visual Studio Solution File, Format Version 12.00
# Visual Studio Version 16
VisualStudioVersion = 16.0.31613.86
MinimumVisualStudioVersion = 10.0.40219.1
Project("{F184B08F-C81C-45F6-A57F-5ABD9991F28F}") = "Math Game", "Math Game\Math Game.vbproj", "{80BA488A-AD86-433C-8E0C-8E5F48A53E13}"
EndProject
Global
	GlobalSection(SolutionConfigurationPlatforms) = preSolution
		Debug|Any CPU = Debug|Any CPU
		Release|Any CPU = Release|Any CPU
	EndGlobalSection
	GlobalSection(ProjectConfigurationPlatforms) = postSolution
		{80BA488A-AD86-433C-8E0C-8E5F48A53E13}.Debug|Any CPU.ActiveCfg = Debug|Any CPU
		{80BA488A-AD86-433C-8E0C-8E5F48A53E13}.Debug|Any CPU.Build.0 = Debug|Any CPU
		{80BA488A-AD86-433C-8E0C-8E5F48A53E13}.Release|Any CPU.ActiveCfg = Release|Any CPU
		{80BA488A-AD86-433C-8E0C-8E5F48A53E13}.Release|Any CPU.Build.0 = Release|Any CPU
	EndGlobalSection
	GlobalSection(SolutionProperties) = preSolution
		HideSolutionNode = FALSE
	EndGlobalSection
	GlobalSection(ExtensibilityGlobals) = postSolution
		SolutionGuid = {3D2B55CE-69C1-4EF8-9A1C-951AF4AB9D0E}
	EndGlobalSection
EndGlobal
